
Microsoft Visual Studio Solution File, Format Version 12.00
# Visual Studio 15
VisualStudioVersion = 15.0.28307.572
MinimumVisualStudioVersion = 10.0.40219.1
Project("{FAE04EC0-301F-11D3-BF4B-00C04F79EFBC}") = "FirstMobileApp", "FirstMobileApp\FirstMobileApp.csproj", "{29085675-76EB-4477-9739-DC74D6C93015}"
EndProject
Global
	GlobalSection(SolutionConfigurationPlatforms) = preSolution
		Debug|Any CPU = Debug|Any CPU
		Release|Any CPU = Release|Any CPU
	EndGlobalSection
	GlobalSection(ProjectConfigurationPlatforms) = postSolution
		{29085675-76EB-4477-9739-DC74D6C93015}.Debug|Any CPU.ActiveCfg = Debug|Any CPU
		{29085675-76EB-4477-9739-DC74D6C93015}.Debug|Any CPU.Build.0 = Debug|Any CPU
		{29085675-76EB-4477-9739-DC74D6C93015}.Debug|Any CPU.Deploy.0 = Debug|Any CPU
		{29085675-76EB-4477-9739-DC74D6C93015}.Release|Any CPU.ActiveCfg = Release|Any CPU
		{29085675-76EB-4477-9739-DC74D6C93015}.Release|Any CPU.Build.0 = Release|Any CPU
		{29085675-76EB-4477-9739-DC74D6C93015}.Release|Any CPU.Deploy.0 = Release|Any CPU
	EndGlobalSection
	GlobalSection(SolutionProperties) = preSolution
		HideSolutionNode = FALSE
	EndGlobalSection
	GlobalSection(ExtensibilityGlobals) = postSolution
		SolutionGuid = {05F5C3C5-B6A5-4511-A23E-FBD13AC77B67}
	EndGlobalSection
EndGlobal
